{
    "name": "figlytics",
    "version": "1.0.0",
    "lockfileVersion": 3,
    "requires": true,
    "packages": {
        "": {
            "name": "figlytics",
            "version": "1.0.0",
            "license": "MIT",
            "devDependencies": {
                "@figma/plugin-typings": "^1.110.0",
                "typescript": "^5.3.2"
            },
            "peerDependencies": {
                "@figma/plugin-typings": "^1.64.0"
            }
        },
        "node_modules/@figma/plugin-typings": {
            "version": "1.110.0",
            "resolved": "https://registry.npmjs.org/@figma/plugin-typings/-/plugin-typings-1.110.0.tgz",
            "integrity": "sha512-n1fZKjt2zApCVqxdJs+JCdpmLX2hDvhgoGbuXeAh7xt+IkSj21gB9vhV5KW+O5sDyPnt3H7doTDO47Oy9CRkQg==",
            "dev": true
        },
        "node_modules/typescript": {
            "version": "5.8.3",
            "resolved": "https://registry.npmjs.org/typescript/-/typescript-5.8.3.tgz",
            "integrity": "sha512-p1diW6TqL9L07nNxvRMM7hMMw4c5XOo/1ibL4aAIGmSAt9slTE1Xgw5KWuof2uTOvCg9BY7ZRi+GaF+7sfgPeQ==",
            "dev": true,
            "bin": {
                "tsc": "bin/tsc",
                "tsserver": "bin/tsserver"
            },
            "engines": {
                "node": ">=14.17"
            }
        }
    }
}
